
Microsoft Visual Studio Solution File, Format Version 12.00
# Visual Studio Version 17
VisualStudioVersion = 17.9.34714.143
MinimumVisualStudioVersion = 10.0.40219.1
Project("{FAE04EC0-301F-11D3-BF4B-00C04F79EFBC}") = "gameForMood", "gameForMood\gameForMood.csproj", "{B0913C7D-6DEF-469E-9523-0ACFEA32D73A}"
EndProject
Project("{FAE04EC0-301F-11D3-BF4B-00C04F79EFBC}") = "gameForMood.Services", "gameForMood.Services\gameForMood.Services.csproj", "{CC3712B5-0AE5-4C4E-B5DD-B0650A5A56F3}"
EndProject
Project("{FAE04EC0-301F-11D3-BF4B-00C04F79EFBC}") = "gameForMood.Entities", "gameForMood.Entities\gameForMood.Entities.csproj", "{45081479-159B-4ABE-A01C-8900CABB134C}"
EndProject
Global
	GlobalSection(SolutionConfigurationPlatforms) = preSolution
		Debug|Any CPU = Debug|Any CPU
		Release|Any CPU = Release|Any CPU
	EndGlobalSection
	GlobalSection(ProjectConfigurationPlatforms) = postSolution
		{B0913C7D-6DEF-469E-9523-0ACFEA32D73A}.Debug|Any CPU.ActiveCfg = Debug|Any CPU
		{B0913C7D-6DEF-469E-9523-0ACFEA32D73A}.Debug|Any CPU.Build.0 = Debug|Any CPU
		{B0913C7D-6DEF-469E-9523-0ACFEA32D73A}.Release|Any CPU.ActiveCfg = Release|Any CPU
		{B0913C7D-6DEF-469E-9523-0ACFEA32D73A}.Release|Any CPU.Build.0 = Release|Any CPU
		{CC3712B5-0AE5-4C4E-B5DD-B0650A5A56F3}.Debug|Any CPU.ActiveCfg = Debug|Any CPU
		{CC3712B5-0AE5-4C4E-B5DD-B0650A5A56F3}.Debug|Any CPU.Build.0 = Debug|Any CPU
		{CC3712B5-0AE5-4C4E-B5DD-B0650A5A56F3}.Release|Any CPU.ActiveCfg = Release|Any CPU
		{CC3712B5-0AE5-4C4E-B5DD-B0650A5A56F3}.Release|Any CPU.Build.0 = Release|Any CPU
		{45081479-159B-4ABE-A01C-8900CABB134C}.Debug|Any CPU.ActiveCfg = Debug|Any CPU
		{45081479-159B-4ABE-A01C-8900CABB134C}.Debug|Any CPU.Build.0 = Debug|Any CPU
		{45081479-159B-4ABE-A01C-8900CABB134C}.Release|Any CPU.ActiveCfg = Release|Any CPU
		{45081479-159B-4ABE-A01C-8900CABB134C}.Release|Any CPU.Build.0 = Release|Any CPU
	EndGlobalSection
	GlobalSection(SolutionProperties) = preSolution
		HideSolutionNode = FALSE
	EndGlobalSection
	GlobalSection(ExtensibilityGlobals) = postSolution
		SolutionGuid = {46F8ECA2-9937-4753-816C-CEA3F6F5F689}
	EndGlobalSection
EndGlobal
